
Microsoft Visual Studio Solution File, Format Version 12.00
# Visual Studio 14
VisualStudioVersion = 14.0.25420.1
MinimumVisualStudioVersion = 10.0.40219.1
Project("{FAE04EC0-301F-11D3-BF4B-00C04F79EFBC}") = "Erp.Main", "Erp.Main\Erp.Main.csproj", "{80351D2C-BC3E-4304-86D5-4FFF99A7C4E6}"
EndProject
Project("{2150E333-8FDC-42A3-9474-1A3956D46DE8}") = "Erp.Pro", "Erp.Pro", "{D727BC88-6AAA-4D85-AB7E-4DD478CAF29B}"
EndProject
Project("{FAE04EC0-301F-11D3-BF4B-00C04F79EFBC}") = "Erp.Pro.Jcxx", "..\Erp.Pro\Erp.Pro.Jcxx\Erp.Pro.Jcxx.csproj", "{8A597BB6-27FE-4896-8DDF-B44E5C121FF1}"
EndProject
Project("{2150E333-8FDC-42A3-9474-1A3956D46DE8}") = "Erp.Server", "Erp.Server", "{5E569675-7276-4370-A0C6-92884BCAF7F4}"
EndProject
Project("{FAE04EC0-301F-11D3-BF4B-00C04F79EFBC}") = "Erp.Server.Init", "..\Erp.Server\Erp.Server.Init\Erp.Server.Init.csproj", "{82E4B82D-0F25-428E-9A30-B2475B80A10F}"
EndProject
Project("{FAE04EC0-301F-11D3-BF4B-00C04F79EFBC}") = "Erp.Pro.Utils", "..\Erp.Pro\Erp.Pro.Utils\Erp.Pro.Utils.csproj", "{0F7C4903-AE7F-447E-954B-62FE2A820C31}"
EndProject
Project("{FAE04EC0-301F-11D3-BF4B-00C04F79EFBC}") = "Erp.Server.WebAPI", "..\Erp.Server\Erp.Server.WebAPI\Erp.Server.WebAPI.csproj", "{652B8BA1-3B75-44DE-A64F-43CD1C7A4615}"
EndProject
Project("{FAE04EC0-301F-11D3-BF4B-00C04F79EFBC}") = "Erp.Server.Helper", "..\Erp.Server\Erp.Server.Helper\Erp.Server.Helper.csproj", "{8522CFA2-2A6B-49FC-9D3C-B39A98790E83}"
EndProject
Global
	GlobalSection(SolutionConfigurationPlatforms) = preSolution
		Debug|Any CPU = Debug|Any CPU
		Release|Any CPU = Release|Any CPU
	EndGlobalSection
	GlobalSection(ProjectConfigurationPlatforms) = postSolution
		{80351D2C-BC3E-4304-86D5-4FFF99A7C4E6}.Debug|Any CPU.ActiveCfg = Debug|Any CPU
		{80351D2C-BC3E-4304-86D5-4FFF99A7C4E6}.Debug|Any CPU.Build.0 = Debug|Any CPU
		{80351D2C-BC3E-4304-86D5-4FFF99A7C4E6}.Release|Any CPU.ActiveCfg = Release|Any CPU
		{80351D2C-BC3E-4304-86D5-4FFF99A7C4E6}.Release|Any CPU.Build.0 = Release|Any CPU
		{8A597BB6-27FE-4896-8DDF-B44E5C121FF1}.Debug|Any CPU.ActiveCfg = Debug|Any CPU
		{8A597BB6-27FE-4896-8DDF-B44E5C121FF1}.Debug|Any CPU.Build.0 = Debug|Any CPU
		{8A597BB6-27FE-4896-8DDF-B44E5C121FF1}.Release|Any CPU.ActiveCfg = Release|Any CPU
		{8A597BB6-27FE-4896-8DDF-B44E5C121FF1}.Release|Any CPU.Build.0 = Release|Any CPU
		{82E4B82D-0F25-428E-9A30-B2475B80A10F}.Debug|Any CPU.ActiveCfg = Debug|Any CPU
		{82E4B82D-0F25-428E-9A30-B2475B80A10F}.Debug|Any CPU.Build.0 = Debug|Any CPU
		{82E4B82D-0F25-428E-9A30-B2475B80A10F}.Release|Any CPU.ActiveCfg = Release|Any CPU
		{82E4B82D-0F25-428E-9A30-B2475B80A10F}.Release|Any CPU.Build.0 = Release|Any CPU
		{0F7C4903-AE7F-447E-954B-62FE2A820C31}.Debug|Any CPU.ActiveCfg = Debug|Any CPU
		{0F7C4903-AE7F-447E-954B-62FE2A820C31}.Debug|Any CPU.Build.0 = Debug|Any CPU
		{0F7C4903-AE7F-447E-954B-62FE2A820C31}.Release|Any CPU.ActiveCfg = Release|Any CPU
		{0F7C4903-AE7F-447E-954B-62FE2A820C31}.Release|Any CPU.Build.0 = Release|Any CPU
		{652B8BA1-3B75-44DE-A64F-43CD1C7A4615}.Debug|Any CPU.ActiveCfg = Debug|Any CPU
		{652B8BA1-3B75-44DE-A64F-43CD1C7A4615}.Debug|Any CPU.Build.0 = Debug|Any CPU
		{652B8BA1-3B75-44DE-A64F-43CD1C7A4615}.Release|Any CPU.ActiveCfg = Release|Any CPU
		{652B8BA1-3B75-44DE-A64F-43CD1C7A4615}.Release|Any CPU.Build.0 = Release|Any CPU
		{8522CFA2-2A6B-49FC-9D3C-B39A98790E83}.Debug|Any CPU.ActiveCfg = Debug|Any CPU
		{8522CFA2-2A6B-49FC-9D3C-B39A98790E83}.Debug|Any CPU.Build.0 = Debug|Any CPU
		{8522CFA2-2A6B-49FC-9D3C-B39A98790E83}.Release|Any CPU.ActiveCfg = Release|Any CPU
		{8522CFA2-2A6B-49FC-9D3C-B39A98790E83}.Release|Any CPU.Build.0 = Release|Any CPU
	EndGlobalSection
	GlobalSection(SolutionProperties) = preSolution
		HideSolutionNode = FALSE
	EndGlobalSection
	GlobalSection(NestedProjects) = preSolution
		{8A597BB6-27FE-4896-8DDF-B44E5C121FF1} = {D727BC88-6AAA-4D85-AB7E-4DD478CAF29B}
		{82E4B82D-0F25-428E-9A30-B2475B80A10F} = {5E569675-7276-4370-A0C6-92884BCAF7F4}
		{0F7C4903-AE7F-447E-954B-62FE2A820C31} = {D727BC88-6AAA-4D85-AB7E-4DD478CAF29B}
		{652B8BA1-3B75-44DE-A64F-43CD1C7A4615} = {5E569675-7276-4370-A0C6-92884BCAF7F4}
		{8522CFA2-2A6B-49FC-9D3C-B39A98790E83} = {5E569675-7276-4370-A0C6-92884BCAF7F4}
	EndGlobalSection
EndGlobal
