
Microsoft Visual Studio Solution File, Format Version 11.00
# Visual Studio 2010
Project("{E24C65DC-7377-472B-9ABA-BC803B73C61A}") = "JKT.Service.Demo", "JKT.Service.Demo\", "{0221BEAE-B43F-4539-A795-13D931E37501}"
	ProjectSection(WebsiteProperties) = preProject
		TargetFrameworkMoniker = ".NETFramework,Version%3Dv4.0"
		ProjectReferences = ""
		Debug.AspNetCompiler.VirtualPath = "/JKT.Service.Demo"
		Debug.AspNetCompiler.PhysicalPath = "JKT.Service.Demo\"
		Debug.AspNetCompiler.TargetPath = "PrecompiledWeb\JKT.Service.Demo\"
		Debug.AspNetCompiler.Updateable = "true"
		Debug.AspNetCompiler.ForceOverwrite = "true"
		Debug.AspNetCompiler.FixedNames = "false"
		Debug.AspNetCompiler.Debug = "True"
		Release.AspNetCompiler.VirtualPath = "/JKT.Service.Demo"
		Release.AspNetCompiler.PhysicalPath = "JKT.Service.Demo\"
		Release.AspNetCompiler.TargetPath = "PrecompiledWeb\JKT.Service.Demo\"
		Release.AspNetCompiler.Updateable = "true"
		Release.AspNetCompiler.ForceOverwrite = "true"
		Release.AspNetCompiler.FixedNames = "false"
		Release.AspNetCompiler.Debug = "False"
		VWDPort = "59356"
		DefaultWebSiteLanguage = "Visual C#"
	EndProjectSection
EndProject
Global
	GlobalSection(SolutionConfigurationPlatforms) = preSolution
		Debug|Any CPU = Debug|Any CPU
		Release|Any CPU = Release|Any CPU
	EndGlobalSection
	GlobalSection(ProjectConfigurationPlatforms) = postSolution
		{0221BEAE-B43F-4539-A795-13D931E37501}.Debug|Any CPU.ActiveCfg = Debug|Any CPU
		{0221BEAE-B43F-4539-A795-13D931E37501}.Debug|Any CPU.Build.0 = Debug|Any CPU
		{0221BEAE-B43F-4539-A795-13D931E37501}.Release|Any CPU.ActiveCfg = Debug|Any CPU
		{0221BEAE-B43F-4539-A795-13D931E37501}.Release|Any CPU.Build.0 = Debug|Any CPU
	EndGlobalSection
	GlobalSection(SolutionProperties) = preSolution
		HideSolutionNode = FALSE
	EndGlobalSection
EndGlobal
